// !$*UTF8*$!
{
	archiveVersion = 1;
	classes = {
	};
	objectVersion = 56;
	objects = {

/* Begin PBXBuildFile section */
		75504A2B2F9D327100D1EAF3 /* AppDelegate.swift in Sources */ = {isa = PBXBuildFile; fileRef = 75504A2A2F9D327100D1EAF3 /* AppDelegate.swift */; };
		75504A2D2F9D327100D1EAF3 /* SceneDelegate.swift in Sources */ = {isa = PBXBuildFile; fileRef = 75504A2C2F9D327100D1EAF3 /* SceneDelegate.swift */; };
		75504A302F9D327100D1EAF3 /* LaunchScreen.storyboard in Resources */ = {isa = PBXBuildFile; fileRef = 75504A2E2F9D327100D1EAF3 /* LaunchScreen.storyboard */; };
		75504A332F9D327100D1EAF3 /* Main.storyboard in Resources */ = {isa = PBXBuildFile; fileRef = 75504A312F9D327100D1EAF3 /* Main.storyboard */; };
		75504A3C2F9D327100D1EAF3 /* AppDelegate.swift in Sources */ = {isa = PBXBuildFile; fileRef = 75504A3B2F9D327100D1EAF3 /* AppDelegate.swift */; };
		75504A3F2F9D327100D1EAF3 /* Main.storyboard in Resources */ = {isa = PBXBuildFile; fileRef = 75504A3D2F9D327100D1EAF3 /* Main.storyboard */; };
		75504A472F9D327100D1EAF3 /* ForumotionExt Extension.appex in Embed Foundation Extensions */ = {isa = PBXBuildFile; fileRef = 75504A462F9D327100D1EAF3 /* ForumotionExt Extension.appex */; settings = {ATTRIBUTES = (RemoveHeadersOnCopy, ); }; };
		75504A512F9D327100D1EAF3 /* ForumotionExt Extension.appex in Embed Foundation Extensions */ = {isa = PBXBuildFile; fileRef = 75504A502F9D327100D1EAF3 /* ForumotionExt Extension.appex */; settings = {ATTRIBUTES = (RemoveHeadersOnCopy, ); }; };
		75504A572F9D327100D1EAF3 /* Main.html in Resources */ = {isa = PBXBuildFile; fileRef = 75504A1A2F9D326F00D1EAF3 /* Main.html */; };
		75504A582F9D327100D1EAF3 /* Main.html in Resources */ = {isa = PBXBuildFile; fileRef = 75504A1A2F9D326F00D1EAF3 /* Main.html */; };
		75504A592F9D327100D1EAF3 /* Icon.png in Resources */ = {isa = PBXBuildFile; fileRef = 75504A1C2F9D326F00D1EAF3 /* Icon.png */; };
		75504A5A2F9D327100D1EAF3 /* Icon.png in Resources */ = {isa = PBXBuildFile; fileRef = 75504A1C2F9D326F00D1EAF3 /* Icon.png */; };
		75504A5B2F9D327100D1EAF3 /* Style.css in Resources */ = {isa = PBXBuildFile; fileRef = 75504A1D2F9D326F00D1EAF3 /* Style.css */; };
		75504A5C2F9D327100D1EAF3 /* Style.css in Resources */ = {isa = PBXBuildFile; fileRef = 75504A1D2F9D326F00D1EAF3 /* Style.css */; };
		75504A5D2F9D327100D1EAF3 /* Script.js in Resources */ = {isa = PBXBuildFile; fileRef = 75504A1E2F9D326F00D1EAF3 /* Script.js */; };
		75504A5E2F9D327100D1EAF3 /* Script.js in Resources */ = {isa = PBXBuildFile; fileRef = 75504A1E2F9D326F00D1EAF3 /* Script.js */; };
		75504A5F2F9D327100D1EAF3 /* ViewController.swift in Sources */ = {isa = PBXBuildFile; fileRef = 75504A1F2F9D326F00D1EAF3 /* ViewController.swift */; };
		75504A602F9D327100D1EAF3 /* ViewController.swift in Sources */ = {isa = PBXBuildFile; fileRef = 75504A1F2F9D326F00D1EAF3 /* ViewController.swift */; };
		75504A612F9D327100D1EAF3 /* Assets.xcassets in Resources */ = {isa = PBXBuildFile; fileRef = 75504A202F9D327100D1EAF3 /* Assets.xcassets */; };
		75504A622F9D327100D1EAF3 /* Assets.xcassets in Resources */ = {isa = PBXBuildFile; fileRef = 75504A202F9D327100D1EAF3 /* Assets.xcassets */; };
		75504A632F9D327100D1EAF3 /* SafariWebExtensionHandler.swift in Sources */ = {isa = PBXBuildFile; fileRef = 75504A222F9D327100D1EAF3 /* SafariWebExtensionHandler.swift */; };
		75504A642F9D327100D1EAF3 /* SafariWebExtensionHandler.swift in Sources */ = {isa = PBXBuildFile; fileRef = 75504A222F9D327100D1EAF3 /* SafariWebExtensionHandler.swift */; };
		75504A812F9D327100D1EAF3 /* background in Resources */ = {isa = PBXBuildFile; fileRef = 75504A762F9D327100D1EAF3 /* background */; };
		75504A822F9D327100D1EAF3 /* version.json in Resources */ = {isa = PBXBuildFile; fileRef = 75504A772F9D327100D1EAF3 /* version.json */; };
		75504A832F9D327100D1EAF3 /* popup in Resources */ = {isa = PBXBuildFile; fileRef = 75504A782F9D327100D1EAF3 /* popup */; };
		75504A842F9D327100D1EAF3 /* content in Resources */ = {isa = PBXBuildFile; fileRef = 75504A792F9D327100D1EAF3 /* content */; };
		75504A852F9D327100D1EAF3 /* config.js in Resources */ = {isa = PBXBuildFile; fileRef = 75504A7A2F9D327100D1EAF3 /* config.js */; };
		75504A862F9D327100D1EAF3 /* forum in Resources */ = {isa = PBXBuildFile; fileRef = 75504A7B2F9D327100D1EAF3 /* forum */; };
		75504A872F9D327100D1EAF3 /* styles in Resources */ = {isa = PBXBuildFile; fileRef = 75504A7C2F9D327100D1EAF3 /* styles */; };
		75504A882F9D327100D1EAF3 /* announcements.json in Resources */ = {isa = PBXBuildFile; fileRef = 75504A7D2F9D327100D1EAF3 /* announcements.json */; };
		75504A892F9D327100D1EAF3 /* icons in Resources */ = {isa = PBXBuildFile; fileRef = 75504A7E2F9D327100D1EAF3 /* icons */; };
		75504A8A2F9D327100D1EAF3 /* manifest.json in Resources */ = {isa = PBXBuildFile; fileRef = 75504A7F2F9D327100D1EAF3 /* manifest.json */; };
		75504A8B2F9D327100D1EAF3 /* src in Resources */ = {isa = PBXBuildFile; fileRef = 75504A802F9D327100D1EAF3 /* src */; };
		75504A8C2F9D327100D1EAF3 /* background in Resources */ = {isa = PBXBuildFile; fileRef = 75504A762F9D327100D1EAF3 /* background */; };
		75504A8D2F9D327100D1EAF3 /* version.json in Resources */ = {isa = PBXBuildFile; fileRef = 75504A772F9D327100D1EAF3 /* version.json */; };
		75504A8E2F9D327100D1EAF3 /* popup in Resources */ = {isa = PBXBuildFile; fileRef = 75504A782F9D327100D1EAF3 /* popup */; };
		75504A8F2F9D327100D1EAF3 /* content in Resources */ = {isa = PBXBuildFile; fileRef = 75504A792F9D327100D1EAF3 /* content */; };
		75504A902F9D327100D1EAF3 /* config.js in Resources */ = {isa = PBXBuildFile; fileRef = 75504A7A2F9D327100D1EAF3 /* config.js */; };
		75504A912F9D327100D1EAF3 /* forum in Resources */ = {isa = PBXBuildFile; fileRef = 75504A7B2F9D327100D1EAF3 /* forum */; };
		75504A922F9D327100D1EAF3 /* styles in Resources */ = {isa = PBXBuildFile; fileRef = 75504A7C2F9D327100D1EAF3 /* styles */; };
		75504A932F9D327100D1EAF3 /* announcements.json in Resources */ = {isa = PBXBuildFile; fileRef = 75504A7D2F9D327100D1EAF3 /* announcements.json */; };
		75504A942F9D327100D1EAF3 /* icons in Resources */ = {isa = PBXBuildFile; fileRef = 75504A7E2F9D327100D1EAF3 /* icons */; };
		75504A952F9D327100D1EAF3 /* manifest.json in Resources */ = {isa = PBXBuildFile; fileRef = 75504A7F2F9D327100D1EAF3 /* manifest.json */; };
		75504A962F9D327100D1EAF3 /* src in Resources */ = {isa = PBXBuildFile; fileRef = 75504A802F9D327100D1EAF3 /* src */; };
/* End PBXBuildFile section */

/* Begin PBXContainerItemProxy section */
		75504A482F9D327100D1EAF3 /* PBXContainerItemProxy */ = {
			isa = PBXContainerItemProxy;
			containerPortal = 75504A142F9D326F00D1EAF3 /* Project object */;
			proxyType = 1;
			remoteGlobalIDString = 75504A452F9D327100D1EAF3;
			remoteInfo = "ForumotionExt Extension (iOS)";
		};
		75504A522F9D327100D1EAF3 /* PBXContainerItemProxy */ = {
			isa = PBXContainerItemProxy;
			containerPortal = 75504A142F9D326F00D1EAF3 /* Project object */;
			proxyType = 1;
			remoteGlobalIDString = 75504A4F2F9D327100D1EAF3;
			remoteInfo = "ForumotionExt Extension (macOS)";
		};
/* End PBXContainerItemProxy section */

/* Begin PBXCopyFilesBuildPhase section */
		75504A6A2F9D327100D1EAF3 /* Embed Foundation Extensions */ = {
			isa = PBXCopyFilesBuildPhase;
			buildActionMask = 2147483647;
			dstPath = "";
			dstSubfolderSpec = 13;
			files = (
				75504A472F9D327100D1EAF3 /* ForumotionExt Extension.appex in Embed Foundation Extensions */,
			);
			name = "Embed Foundation Extensions";
			runOnlyForDeploymentPostprocessing = 0;
		};
		75504A712F9D327100D1EAF3 /* Embed Foundation Extensions */ = {
			isa = PBXCopyFilesBuildPhase;
			buildActionMask = 2147483647;
			dstPath = "";
			dstSubfolderSpec = 13;
			files = (
				75504A512F9D327100D1EAF3 /* ForumotionExt Extension.appex in Embed Foundation Extensions */,
			);
			name = "Embed Foundation Extensions";
			runOnlyForDeploymentPostprocessing = 0;
		};
/* End PBXCopyFilesBuildPhase section */

/* Begin PBXFileReference section */
		75504A1B2F9D326F00D1EAF3 /* Base */ = {isa = PBXFileReference; lastKnownFileType = text.html; name = Base; path = ../Base.lproj/Main.html; sourceTree = "<group>"; };
		75504A1C2F9D326F00D1EAF3 /* Icon.png */ = {isa = PBXFileReference; lastKnownFileType = image.png; path = Icon.png; sourceTree = "<group>"; };
		75504A1D2F9D326F00D1EAF3 /* Style.css */ = {isa = PBXFileReference; lastKnownFileType = text.css; path = Style.css; sourceTree = "<group>"; };
		75504A1E2F9D326F00D1EAF3 /* Script.js */ = {isa = PBXFileReference; lastKnownFileType = sourcecode.javascript; path = Script.js; sourceTree = "<group>"; };
		75504A1F2F9D326F00D1EAF3 /* ViewController.swift */ = {isa = PBXFileReference; lastKnownFileType = sourcecode.swift; path = ViewController.swift; sourceTree = "<group>"; };
		75504A202F9D327100D1EAF3 /* Assets.xcassets */ = {isa = PBXFileReference; lastKnownFileType = folder.assetcatalog; path = Assets.xcassets; sourceTree = "<group>"; };
		75504A222F9D327100D1EAF3 /* SafariWebExtensionHandler.swift */ = {isa = PBXFileReference; lastKnownFileType = sourcecode.swift; path = SafariWebExtensionHandler.swift; sourceTree = "<group>"; };
		75504A272F9D327100D1EAF3 /* ForumotionExt.app */ = {isa = PBXFileReference; explicitFileType = wrapper.application; includeInIndex = 0; path = ForumotionExt.app; sourceTree = BUILT_PRODUCTS_DIR; };
		75504A2A2F9D327100D1EAF3 /* AppDelegate.swift */ = {isa = PBXFileReference; lastKnownFileType = sourcecode.swift; path = AppDelegate.swift; sourceTree = "<group>"; };
		75504A2C2F9D327100D1EAF3 /* SceneDelegate.swift */ = {isa = PBXFileReference; lastKnownFileType = sourcecode.swift; path = SceneDelegate.swift; sourceTree = "<group>"; };
		75504A2F2F9D327100D1EAF3 /* Base */ = {isa = PBXFileReference; lastKnownFileType = file.storyboard; name = Base; path = Base.lproj/LaunchScreen.storyboard; sourceTree = "<group>"; };
		75504A322F9D327100D1EAF3 /* Base */ = {isa = PBXFileReference; lastKnownFileType = file.storyboard; name = Base; path = Base.lproj/Main.storyboard; sourceTree = "<group>"; };
		75504A342F9D327100D1EAF3 /* Info.plist */ = {isa = PBXFileReference; lastKnownFileType = text.plist.xml; path = Info.plist; sourceTree = "<group>"; };
		75504A392F9D327100D1EAF3 /* ForumotionExt.app */ = {isa = PBXFileReference; explicitFileType = wrapper.application; includeInIndex = 0; path = ForumotionExt.app; sourceTree = BUILT_PRODUCTS_DIR; };
		75504A3B2F9D327100D1EAF3 /* AppDelegate.swift */ = {isa = PBXFileReference; lastKnownFileType = sourcecode.swift; path = AppDelegate.swift; sourceTree = "<group>"; };
		75504A3E2F9D327100D1EAF3 /* Base */ = {isa = PBXFileReference; lastKnownFileType = file.storyboard; name = Base; path = Base.lproj/Main.storyboard; sourceTree = "<group>"; };
		75504A402F9D327100D1EAF3 /* Info.plist */ = {isa = PBXFileReference; lastKnownFileType = text.plist.xml; path = Info.plist; sourceTree = "<group>"; };
		75504A412F9D327100D1EAF3 /* ForumotionExt.entitlements */ = {isa = PBXFileReference; lastKnownFileType = text.plist.entitlements; path = ForumotionExt.entitlements; sourceTree = "<group>"; };
		75504A462F9D327100D1EAF3 /* ForumotionExt Extension.appex */ = {isa = PBXFileReference; explicitFileType = "wrapper.app-extension"; includeInIndex = 0; path = "ForumotionExt Extension.appex"; sourceTree = BUILT_PRODUCTS_DIR; };
		75504A4B2F9D327100D1EAF3 /* Info.plist */ = {isa = PBXFileReference; lastKnownFileType = text.plist.xml; path = Info.plist; sourceTree = "<group>"; };
		75504A502F9D327100D1EAF3 /* ForumotionExt Extension.appex */ = {isa = PBXFileReference; explicitFileType = "wrapper.app-extension"; includeInIndex = 0; path = "ForumotionExt Extension.appex"; sourceTree = BUILT_PRODUCTS_DIR; };
		75504A552F9D327100D1EAF3 /* Info.plist */ = {isa = PBXFileReference; lastKnownFileType = text.plist.xml; path = Info.plist; sourceTree = "<group>"; };
		75504A562F9D327100D1EAF3 /* ForumotionExt.entitlements */ = {isa = PBXFileReference; lastKnownFileType = text.plist.entitlements; path = ForumotionExt.entitlements; sourceTree = "<group>"; };
		75504A762F9D327100D1EAF3 /* background */ = {isa = PBXFileReference; lastKnownFileType = folder; name = background; path = ../../../dist/safari/background; sourceTree = "<group>"; };
		75504A772F9D327100D1EAF3 /* version.json */ = {isa = PBXFileReference; lastKnownFileType = text.json; name = version.json; path = ../../../dist/safari/version.json; sourceTree = "<group>"; };
		75504A782F9D327100D1EAF3 /* popup */ = {isa = PBXFileReference; lastKnownFileType = folder; name = popup; path = ../../../dist/safari/popup; sourceTree = "<group>"; };
		75504A792F9D327100D1EAF3 /* content */ = {isa = PBXFileReference; lastKnownFileType = folder; name = content; path = ../../../dist/safari/content; sourceTree = "<group>"; };
		75504A7A2F9D327100D1EAF3 /* config.js */ = {isa = PBXFileReference; lastKnownFileType = sourcecode.javascript; name = config.js; path = ../../../dist/safari/config.js; sourceTree = "<group>"; };
		75504A7B2F9D327100D1EAF3 /* forum */ = {isa = PBXFileReference; lastKnownFileType = folder; name = forum; path = ../../../dist/safari/forum; sourceTree = "<group>"; };
		75504A7C2F9D327100D1EAF3 /* styles */ = {isa = PBXFileReference; lastKnownFileType = folder; name = styles; path = ../../../dist/safari/styles; sourceTree = "<group>"; };
		75504A7D2F9D327100D1EAF3 /* announcements.json */ = {isa = PBXFileReference; lastKnownFileType = text.json; name = announcements.json; path = ../../../dist/safari/announcements.json; sourceTree = "<group>"; };
		75504A7E2F9D327100D1EAF3 /* icons */ = {isa = PBXFileReference; lastKnownFileType = folder; name = icons; path = ../../../dist/safari/icons; sourceTree = "<group>"; };
		75504A7F2F9D327100D1EAF3 /* manifest.json */ = {isa = PBXFileReference; lastKnownFileType = text.json; name = manifest.json; path = ../../../dist/safari/manifest.json; sourceTree = "<group>"; };
		75504A802F9D327100D1EAF3 /* src */ = {isa = PBXFileReference; lastKnownFileType = folder; name = src; path = ../../../dist/safari/src; sourceTree = "<group>"; };
/* End PBXFileReference section */

/* Begin PBXFrameworksBuildPhase section */
		75504A242F9D327100D1EAF3 /* Frameworks */ = {
			isa = PBXFrameworksBuildPhase;
			buildActionMask = 2147483647;
			files = (
			);
			runOnlyForDeploymentPostprocessing = 0;
		};
		75504A362F9D327100D1EAF3 /* Frameworks */ = {
			isa = PBXFrameworksBuildPhase;
			buildActionMask = 2147483647;
			files = (
			);
			runOnlyForDeploymentPostprocessing = 0;
		};
		75504A432F9D327100D1EAF3 /* Frameworks */ = {
			isa = PBXFrameworksBuildPhase;
			buildActionMask = 2147483647;
			files = (
			);
			runOnlyForDeploymentPostprocessing = 0;
		};
		75504A4D2F9D327100D1EAF3 /* Frameworks */ = {
			isa = PBXFrameworksBuildPhase;
			buildActionMask = 2147483647;
			files = (
			);
			runOnlyForDeploymentPostprocessing = 0;
		};
/* End PBXFrameworksBuildPhase section */

/* Begin PBXGroup section */
		75504A132F9D326F00D1EAF3 = {
			isa = PBXGroup;
			children = (
				75504A182F9D326F00D1EAF3 /* Shared (App) */,
				75504A212F9D327100D1EAF3 /* Shared (Extension) */,
				75504A292F9D327100D1EAF3 /* iOS (App) */,
				75504A3A2F9D327100D1EAF3 /* macOS (App) */,
				75504A4A2F9D327100D1EAF3 /* iOS (Extension) */,
				75504A542F9D327100D1EAF3 /* macOS (Extension) */,
				75504A282F9D327100D1EAF3 /* Products */,
			);
			sourceTree = "<group>";
		};
		75504A182F9D326F00D1EAF3 /* Shared (App) */ = {
			isa = PBXGroup;
			children = (
				75504A1F2F9D326F00D1EAF3 /* ViewController.swift */,
				75504A202F9D327100D1EAF3 /* Assets.xcassets */,
				75504A192F9D326F00D1EAF3 /* Resources */,
			);
			path = "Shared (App)";
			sourceTree = "<group>";
		};
		75504A192F9D326F00D1EAF3 /* Resources */ = {
			isa = PBXGroup;
			children = (
				75504A1A2F9D326F00D1EAF3 /* Main.html */,
				75504A1C2F9D326F00D1EAF3 /* Icon.png */,
				75504A1D2F9D326F00D1EAF3 /* Style.css */,
				75504A1E2F9D326F00D1EAF3 /* Script.js */,
			);
			path = Resources;
			sourceTree = "<group>";
		};
		75504A212F9D327100D1EAF3 /* Shared (Extension) */ = {
			isa = PBXGroup;
			children = (
				75504A752F9D327100D1EAF3 /* Resources */,
				75504A222F9D327100D1EAF3 /* SafariWebExtensionHandler.swift */,
			);
			path = "Shared (Extension)";
			sourceTree = "<group>";
		};
		75504A282F9D327100D1EAF3 /* Products */ = {
			isa = PBXGroup;
			children = (
				75504A272F9D327100D1EAF3 /* ForumotionExt.app */,
				75504A392F9D327100D1EAF3 /* ForumotionExt.app */,
				75504A462F9D327100D1EAF3 /* ForumotionExt Extension.appex */,
				75504A502F9D327100D1EAF3 /* ForumotionExt Extension.appex */,
			);
			name = Products;
			sourceTree = "<group>";
		};
		75504A292F9D327100D1EAF3 /* iOS (App) */ = {
			isa = PBXGroup;
			children = (
				75504A2A2F9D327100D1EAF3 /* AppDelegate.swift */,
				75504A2C2F9D327100D1EAF3 /* SceneDelegate.swift */,
				75504A2E2F9D327100D1EAF3 /* LaunchScreen.storyboard */,
				75504A312F9D327100D1EAF3 /* Main.storyboard */,
				75504A342F9D327100D1EAF3 /* Info.plist */,
			);
			path = "iOS (App)";
			sourceTree = "<group>";
		};
		75504A3A2F9D327100D1EAF3 /* macOS (App) */ = {
			isa = PBXGroup;
			children = (
				75504A3B2F9D327100D1EAF3 /* AppDelegate.swift */,
				75504A3D2F9D327100D1EAF3 /* Main.storyboard */,
				75504A402F9D327100D1EAF3 /* Info.plist */,
				75504A412F9D327100D1EAF3 /* ForumotionExt.entitlements */,
			);
			path = "macOS (App)";
			sourceTree = "<group>";
		};
		75504A4A2F9D327100D1EAF3 /* iOS (Extension) */ = {
			isa = PBXGroup;
			children = (
				75504A4B2F9D327100D1EAF3 /* Info.plist */,
			);
			path = "iOS (Extension)";
			sourceTree = "<group>";
		};
		75504A542F9D327100D1EAF3 /* macOS (Extension) */ = {
			isa = PBXGroup;
			children = (
				75504A552F9D327100D1EAF3 /* Info.plist */,
				75504A562F9D327100D1EAF3 /* ForumotionExt.entitlements */,
			);
			path = "macOS (Extension)";
			sourceTree = "<group>";
		};
		75504A752F9D327100D1EAF3 /* Resources */ = {
			isa = PBXGroup;
			children = (
				75504A762F9D327100D1EAF3 /* background */,
				75504A772F9D327100D1EAF3 /* version.json */,
				75504A782F9D327100D1EAF3 /* popup */,
				75504A792F9D327100D1EAF3 /* content */,
				75504A7A2F9D327100D1EAF3 /* config.js */,
				75504A7B2F9D327100D1EAF3 /* forum */,
				75504A7C2F9D327100D1EAF3 /* styles */,
				75504A7D2F9D327100D1EAF3 /* announcements.json */,
				75504A7E2F9D327100D1EAF3 /* icons */,
				75504A7F2F9D327100D1EAF3 /* manifest.json */,
				75504A802F9D327100D1EAF3 /* src */,
			);
			name = Resources;
			path = "Shared (Extension)";
			sourceTree = SOURCE_ROOT;
		};
/* End PBXGroup section */

/* Begin PBXNativeTarget section */
		75504A262F9D327100D1EAF3 /* ForumotionExt (iOS) */ = {
			isa = PBXNativeTarget;
			buildConfigurationList = 75504A6B2F9D327100D1EAF3 /* Build configuration list for PBXNativeTarget "ForumotionExt (iOS)" */;
			buildPhases = (
				75504A232F9D327100D1EAF3 /* Sources */,
				75504A242F9D327100D1EAF3 /* Frameworks */,
				75504A252F9D327100D1EAF3 /* Resources */,
				75504A6A2F9D327100D1EAF3 /* Embed Foundation Extensions */,
			);
			buildRules = (
			);
			dependencies = (
				75504A492F9D327100D1EAF3 /* PBXTargetDependency */,
			);
			name = "ForumotionExt (iOS)";
			productName = "ForumotionExt (iOS)";
			productReference = 75504A272F9D327100D1EAF3 /* ForumotionExt.app */;
			productType = "com.apple.product-type.application";
		};
		75504A382F9D327100D1EAF3 /* ForumotionExt (macOS) */ = {
			isa = PBXNativeTarget;
			buildConfigurationList = 75504A722F9D327100D1EAF3 /* Build configuration list for PBXNativeTarget "ForumotionExt (macOS)" */;
			buildPhases = (
				75504A352F9D327100D1EAF3 /* Sources */,
				75504A362F9D327100D1EAF3 /* Frameworks */,
				75504A372F9D327100D1EAF3 /* Resources */,
				75504A712F9D327100D1EAF3 /* Embed Foundation Extensions */,
			);
			buildRules = (
			);
			dependencies = (
				75504A532F9D327100D1EAF3 /* PBXTargetDependency */,
			);
			name = "ForumotionExt (macOS)";
			productName = "ForumotionExt (macOS)";
			productReference = 75504A392F9D327100D1EAF3 /* ForumotionExt.app */;
			productType = "com.apple.product-type.application";
		};
		75504A452F9D327100D1EAF3 /* ForumotionExt Extension (iOS) */ = {
			isa = PBXNativeTarget;
			buildConfigurationList = 75504A672F9D327100D1EAF3 /* Build configuration list for PBXNativeTarget "ForumotionExt Extension (iOS)" */;
			buildPhases = (
				75504A422F9D327100D1EAF3 /* Sources */,
				75504A432F9D327100D1EAF3 /* Frameworks */,
				75504A442F9D327100D1EAF3 /* Resources */,
			);
			buildRules = (
			);
			dependencies = (
			);
			name = "ForumotionExt Extension (iOS)";
			productName = "ForumotionExt Extension (iOS)";
			productReference = 75504A462F9D327100D1EAF3 /* ForumotionExt Extension.appex */;
			productType = "com.apple.product-type.app-extension";
		};
		75504A4F2F9D327100D1EAF3 /* ForumotionExt Extension (macOS) */ = {
			isa = PBXNativeTarget;
			buildConfigurationList = 75504A6E2F9D327100D1EAF3 /* Build configuration list for PBXNativeTarget "ForumotionExt Extension (macOS)" */;
			buildPhases = (
				75504A4C2F9D327100D1EAF3 /* Sources */,
				75504A4D2F9D327100D1EAF3 /* Frameworks */,
				75504A4E2F9D327100D1EAF3 /* Resources */,
			);
			buildRules = (
			);
			dependencies = (
			);
			name = "ForumotionExt Extension (macOS)";
			productName = "ForumotionExt Extension (macOS)";
			productReference = 75504A502F9D327100D1EAF3 /* ForumotionExt Extension.appex */;
			productType = "com.apple.product-type.app-extension";
		};
/* End PBXNativeTarget section */

/* Begin PBXProject section */
		75504A142F9D326F00D1EAF3 /* Project object */ = {
			isa = PBXProject;
			attributes = {
				BuildIndependentTargetsInParallel = 1;
				LastSwiftUpdateCheck = 1500;
				LastUpgradeCheck = 1500;
				TargetAttributes = {
					75504A262F9D327100D1EAF3 = {
						CreatedOnToolsVersion = 15.0.1;
					};
					75504A382F9D327100D1EAF3 = {
						CreatedOnToolsVersion = 15.0.1;
					};
					75504A452F9D327100D1EAF3 = {
						CreatedOnToolsVersion = 15.0.1;
					};
					75504A4F2F9D327100D1EAF3 = {
						CreatedOnToolsVersion = 15.0.1;
					};
				};
			};
			buildConfigurationList = 75504A172F9D326F00D1EAF3 /* Build configuration list for PBXProject "ForumotionExt" */;
			compatibilityVersion = "Xcode 14.0";
			developmentRegion = en;
			hasScannedForEncodings = 0;
			knownRegions = (
				en,
				Base,
			);
			mainGroup = 75504A132F9D326F00D1EAF3;
			productRefGroup = 75504A282F9D327100D1EAF3 /* Products */;
			projectDirPath = "";
			projectRoot = "";
			targets = (
				75504A262F9D327100D1EAF3 /* ForumotionExt (iOS) */,
				75504A382F9D327100D1EAF3 /* ForumotionExt (macOS) */,
				75504A452F9D327100D1EAF3 /* ForumotionExt Extension (iOS) */,
				75504A4F2F9D327100D1EAF3 /* ForumotionExt Extension (macOS) */,
			);
		};
/* End PBXProject section */

/* Begin PBXResourcesBuildPhase section */
		75504A252F9D327100D1EAF3 /* Resources */ = {
			isa = PBXResourcesBuildPhase;
			buildActionMask = 2147483647;
			files = (
				75504A592F9D327100D1EAF3 /* Icon.png in Resources */,
				75504A302F9D327100D1EAF3 /* LaunchScreen.storyboard in Resources */,
				75504A572F9D327100D1EAF3 /* Main.html in Resources */,
				75504A5D2F9D327100D1EAF3 /* Script.js in Resources */,
				75504A612F9D327100D1EAF3 /* Assets.xcassets in Resources */,
				75504A332F9D327100D1EAF3 /* Main.storyboard in Resources */,
				75504A5B2F9D327100D1EAF3 /* Style.css in Resources */,
			);
			runOnlyForDeploymentPostprocessing = 0;
		};
		75504A372F9D327100D1EAF3 /* Resources */ = {
			isa = PBXResourcesBuildPhase;
			buildActionMask = 2147483647;
			files = (
				75504A5A2F9D327100D1EAF3 /* Icon.png in Resources */,
				75504A5C2F9D327100D1EAF3 /* Style.css in Resources */,
				75504A3F2F9D327100D1EAF3 /* Main.storyboard in Resources */,
				75504A5E2F9D327100D1EAF3 /* Script.js in Resources */,
				75504A622F9D327100D1EAF3 /* Assets.xcassets in Resources */,
				75504A582F9D327100D1EAF3 /* Main.html in Resources */,
			);
			runOnlyForDeploymentPostprocessing = 0;
		};
		75504A442F9D327100D1EAF3 /* Resources */ = {
			isa = PBXResourcesBuildPhase;
			buildActionMask = 2147483647;
			files = (
				75504A932F9D327100D1EAF3 /* announcements.json in Resources */,
				75504A912F9D327100D1EAF3 /* forum in Resources */,
				75504A952F9D327100D1EAF3 /* manifest.json in Resources */,
				75504A922F9D327100D1EAF3 /* styles in Resources */,
				75504A942F9D327100D1EAF3 /* icons in Resources */,
				75504A8E2F9D327100D1EAF3 /* popup in Resources */,
				75504A8D2F9D327100D1EAF3 /* version.json in Resources */,
				75504A962F9D327100D1EAF3 /* src in Resources */,
				75504A8F2F9D327100D1EAF3 /* content in Resources */,
				75504A902F9D327100D1EAF3 /* config.js in Resources */,
				75504A8C2F9D327100D1EAF3 /* background in Resources */,
			);
			runOnlyForDeploymentPostprocessing = 0;
		};
		75504A4E2F9D327100D1EAF3 /* Resources */ = {
			isa = PBXResourcesBuildPhase;
			buildActionMask = 2147483647;
			files = (
				75504A882F9D327100D1EAF3 /* announcements.json in Resources */,
				75504A862F9D327100D1EAF3 /* forum in Resources */,
				75504A8A2F9D327100D1EAF3 /* manifest.json in Resources */,
				75504A872F9D327100D1EAF3 /* styles in Resources */,
				75504A892F9D327100D1EAF3 /* icons in Resources */,
				75504A832F9D327100D1EAF3 /* popup in Resources */,
				75504A822F9D327100D1EAF3 /* version.json in Resources */,
				75504A8B2F9D327100D1EAF3 /* src in Resources */,
				75504A842F9D327100D1EAF3 /* content in Resources */,
				75504A852F9D327100D1EAF3 /* config.js in Resources */,
				75504A812F9D327100D1EAF3 /* background in Resources */,
			);
			runOnlyForDeploymentPostprocessing = 0;
		};
/* End PBXResourcesBuildPhase section */

/* Begin PBXSourcesBuildPhase section */
		75504A232F9D327100D1EAF3 /* Sources */ = {
			isa = PBXSourcesBuildPhase;
			buildActionMask = 2147483647;
			files = (
				75504A5F2F9D327100D1EAF3 /* ViewController.swift in Sources */,
				75504A2B2F9D327100D1EAF3 /* AppDelegate.swift in Sources */,
				75504A2D2F9D327100D1EAF3 /* SceneDelegate.swift in Sources */,
			);
			runOnlyForDeploymentPostprocessing = 0;
		};
		75504A352F9D327100D1EAF3 /* Sources */ = {
			isa = PBXSourcesBuildPhase;
			buildActionMask = 2147483647;
			files = (
				75504A602F9D327100D1EAF3 /* ViewController.swift in Sources */,
				75504A3C2F9D327100D1EAF3 /* AppDelegate.swift in Sources */,
			);
			runOnlyForDeploymentPostprocessing = 0;
		};
		75504A422F9D327100D1EAF3 /* Sources */ = {
			isa = PBXSourcesBuildPhase;
			buildActionMask = 2147483647;
			files = (
				75504A632F9D327100D1EAF3 /* SafariWebExtensionHandler.swift in Sources */,
			);
			runOnlyForDeploymentPostprocessing = 0;
		};
		75504A4C2F9D327100D1EAF3 /* Sources */ = {
			isa = PBXSourcesBuildPhase;
			buildActionMask = 2147483647;
			files = (
				75504A642F9D327100D1EAF3 /* SafariWebExtensionHandler.swift in Sources */,
			);
			runOnlyForDeploymentPostprocessing = 0;
		};
/* End PBXSourcesBuildPhase section */

/* Begin PBXTargetDependency section */
		75504A492F9D327100D1EAF3 /* PBXTargetDependency */ = {
			isa = PBXTargetDependency;
			target = 75504A452F9D327100D1EAF3 /* ForumotionExt Extension (iOS) */;
			targetProxy = 75504A482F9D327100D1EAF3 /* PBXContainerItemProxy */;
		};
		75504A532F9D327100D1EAF3 /* PBXTargetDependency */ = {
			isa = PBXTargetDependency;
			target = 75504A4F2F9D327100D1EAF3 /* ForumotionExt Extension (macOS) */;
			targetProxy = 75504A522F9D327100D1EAF3 /* PBXContainerItemProxy */;
		};
/* End PBXTargetDependency section */

/* Begin PBXVariantGroup section */
		75504A1A2F9D326F00D1EAF3 /* Main.html */ = {
			isa = PBXVariantGroup;
			children = (
				75504A1B2F9D326F00D1EAF3 /* Base */,
			);
			name = Main.html;
			sourceTree = "<group>";
		};
		75504A2E2F9D327100D1EAF3 /* LaunchScreen.storyboard */ = {
			isa = PBXVariantGroup;
			children = (
				75504A2F2F9D327100D1EAF3 /* Base */,
			);
			name = LaunchScreen.storyboard;
			sourceTree = "<group>";
		};
		75504A312F9D327100D1EAF3 /* Main.storyboard */ = {
			isa = PBXVariantGroup;
			children = (
				75504A322F9D327100D1EAF3 /* Base */,
			);
			name = Main.storyboard;
			sourceTree = "<group>";
		};
		75504A3D2F9D327100D1EAF3 /* Main.storyboard */ = {
			isa = PBXVariantGroup;
			children = (
				75504A3E2F9D327100D1EAF3 /* Base */,
			);
			name = Main.storyboard;
			sourceTree = "<group>";
		};
/* End PBXVariantGroup section */

/* Begin XCBuildConfiguration section */
		75504A652F9D327100D1EAF3 /* Debug */ = {
			isa = XCBuildConfiguration;
			buildSettings = {
				ALWAYS_SEARCH_USER_PATHS = NO;
				ASSETCATALOG_COMPILER_GENERATE_SWIFT_ASSET_SYMBOL_EXTENSIONS = YES;
				CLANG_ANALYZER_NONNULL = YES;
				CLANG_ANALYZER_NUMBER_OBJECT_CONVERSION = YES_AGGRESSIVE;
				CLANG_CXX_LANGUAGE_STANDARD = "gnu++20";
				CLANG_ENABLE_MODULES = YES;
				CLANG_ENABLE_OBJC_ARC = YES;
				CLANG_ENABLE_OBJC_WEAK = YES;
				CLANG_WARN_BLOCK_CAPTURE_AUTORELEASING = YES;
				CLANG_WARN_BOOL_CONVERSION = YES;
				CLANG_WARN_COMMA = YES;
				CLANG_WARN_CONSTANT_CONVERSION = YES;
				CLANG_WARN_DEPRECATED_OBJC_IMPLEMENTATIONS = YES;
				CLANG_WARN_DIRECT_OBJC_ISA_USAGE = YES_ERROR;
				CLANG_WARN_DOCUMENTATION_COMMENTS = YES;
				CLANG_WARN_EMPTY_BODY = YES;
				CLANG_WARN_ENUM_CONVERSION = YES;
				CLANG_WARN_INFINITE_RECURSION = YES;
				CLANG_WARN_INT_CONVERSION = YES;
				CLANG_WARN_NON_LITERAL_NULL_CONVERSION = YES;
				CLANG_WARN_OBJC_IMPLICIT_RETAIN_SELF = YES;
				CLANG_WARN_OBJC_LITERAL_CONVERSION = YES;
				CLANG_WARN_OBJC_ROOT_CLASS = YES_ERROR;
				CLANG_WARN_QUOTED_INCLUDE_IN_FRAMEWORK_HEADER = YES;
				CLANG_WARN_RANGE_LOOP_ANALYSIS = YES;
				CLANG_WARN_STRICT_PROTOTYPES = YES;
				CLANG_WARN_SUSPICIOUS_MOVE = YES;
				CLANG_WARN_UNGUARDED_AVAILABILITY = YES_AGGRESSIVE;
				CLANG_WARN_UNREACHABLE_CODE = YES;
				CLANG_WARN__DUPLICATE_METHOD_MATCH = YES;
				COPY_PHASE_STRIP = NO;
				DEBUG_INFORMATION_FORMAT = dwarf;
				ENABLE_STRICT_OBJC_MSGSEND = YES;
				ENABLE_TESTABILITY = YES;
				ENABLE_USER_SCRIPT_SANDBOXING = YES;
				GCC_C_LANGUAGE_STANDARD = gnu17;
				GCC_DYNAMIC_NO_PIC = NO;
				GCC_NO_COMMON_BLOCKS = YES;
				GCC_OPTIMIZATION_LEVEL = 0;
				GCC_PREPROCESSOR_DEFINITIONS = (
					"DEBUG=1",
					"$(inherited)",
				);
				GCC_WARN_64_TO_32_BIT_CONVERSION = YES;
				GCC_WARN_ABOUT_RETURN_TYPE = YES_ERROR;
				GCC_WARN_UNDECLARED_SELECTOR = YES;
				GCC_WARN_UNINITIALIZED_AUTOS = YES_AGGRESSIVE;
				GCC_WARN_UNUSED_FUNCTION = YES;
				GCC_WARN_UNUSED_VARIABLE = YES;
				LOCALIZATION_PREFERS_STRING_CATALOGS = YES;
				MTL_ENABLE_DEBUG_INFO = INCLUDE_SOURCE;
				MTL_FAST_MATH = YES;
				ONLY_ACTIVE_ARCH = YES;
				SWIFT_ACTIVE_COMPILATION_CONDITIONS = "DEBUG $(inherited)";
				SWIFT_OPTIMIZATION_LEVEL = "-Onone";
			};
			name = Debug;
		};
		75504A662F9D327100D1EAF3 /* Release */ = {
			isa = XCBuildConfiguration;
			buildSettings = {
				ALWAYS_SEARCH_USER_PATHS = NO;
				ASSETCATALOG_COMPILER_GENERATE_SWIFT_ASSET_SYMBOL_EXTENSIONS = YES;
				CLANG_ANALYZER_NONNULL = YES;
				CLANG_ANALYZER_NUMBER_OBJECT_CONVERSION = YES_AGGRESSIVE;
				CLANG_CXX_LANGUAGE_STANDARD = "gnu++20";
				CLANG_ENABLE_MODULES = YES;
				CLANG_ENABLE_OBJC_ARC = YES;
				CLANG_ENABLE_OBJC_WEAK = YES;
				CLANG_WARN_BLOCK_CAPTURE_AUTORELEASING = YES;
				CLANG_WARN_BOOL_CONVERSION = YES;
				CLANG_WARN_COMMA = YES;
				CLANG_WARN_CONSTANT_CONVERSION = YES;
				CLANG_WARN_DEPRECATED_OBJC_IMPLEMENTATIONS = YES;
				CLANG_WARN_DIRECT_OBJC_ISA_USAGE = YES_ERROR;
				CLANG_WARN_DOCUMENTATION_COMMENTS = YES;
				CLANG_WARN_EMPTY_BODY = YES;
				CLANG_WARN_ENUM_CONVERSION = YES;
				CLANG_WARN_INFINITE_RECURSION = YES;
				CLANG_WARN_INT_CONVERSION = YES;
				CLANG_WARN_NON_LITERAL_NULL_CONVERSION = YES;
				CLANG_WARN_OBJC_IMPLICIT_RETAIN_SELF = YES;
				CLANG_WARN_OBJC_LITERAL_CONVERSION = YES;
				CLANG_WARN_OBJC_ROOT_CLASS = YES_ERROR;
				CLANG_WARN_QUOTED_INCLUDE_IN_FRAMEWORK_HEADER = YES;
				CLANG_WARN_RANGE_LOOP_ANALYSIS = YES;
				CLANG_WARN_STRICT_PROTOTYPES = YES;
				CLANG_WARN_SUSPICIOUS_MOVE = YES;
				CLANG_WARN_UNGUARDED_AVAILABILITY = YES_AGGRESSIVE;
				CLANG_WARN_UNREACHABLE_CODE = YES;
				CLANG_WARN__DUPLICATE_METHOD_MATCH = YES;
				COPY_PHASE_STRIP = NO;
				DEBUG_INFORMATION_FORMAT = "dwarf-with-dsym";
				ENABLE_NS_ASSERTIONS = NO;
				ENABLE_STRICT_OBJC_MSGSEND = YES;
				ENABLE_USER_SCRIPT_SANDBOXING = YES;
				GCC_C_LANGUAGE_STANDARD = gnu17;
				GCC_NO_COMMON_BLOCKS = YES;
				GCC_WARN_64_TO_32_BIT_CONVERSION = YES;
				GCC_WARN_ABOUT_RETURN_TYPE = YES_ERROR;
				GCC_WARN_UNDECLARED_SELECTOR = YES;
				GCC_WARN_UNINITIALIZED_AUTOS = YES_AGGRESSIVE;
				GCC_WARN_UNUSED_FUNCTION = YES;
				GCC_WARN_UNUSED_VARIABLE = YES;
				LOCALIZATION_PREFERS_STRING_CATALOGS = YES;
				MTL_ENABLE_DEBUG_INFO = NO;
				MTL_FAST_MATH = YES;
				SWIFT_COMPILATION_MODE = wholemodule;
			};
			name = Release;
		};
		75504A682F9D327100D1EAF3 /* Debug */ = {
			isa = XCBuildConfiguration;
			buildSettings = {
				CODE_SIGN_STYLE = Automatic;
				CURRENT_PROJECT_VERSION = 1;
				GENERATE_INFOPLIST_FILE = YES;
				INFOPLIST_FILE = "iOS (Extension)/Info.plist";
				INFOPLIST_KEY_CFBundleDisplayName = "ForumotionExt Extension";
				INFOPLIST_KEY_NSHumanReadableCopyright = "";
				IPHONEOS_DEPLOYMENT_TARGET = 15.0;
				LD_RUNPATH_SEARCH_PATHS = (
					"$(inherited)",
					"@executable_path/Frameworks",
					"@executable_path/../../Frameworks",
				);
				MARKETING_VERSION = 1.0;
				OTHER_LDFLAGS = (
					"-framework",
					SafariServices,
				);
				PRODUCT_BUNDLE_IDENTIFIER = com.forumotion.ForumotionExt.Extension;
				PRODUCT_NAME = "ForumotionExt Extension";
				SDKROOT = iphoneos;
				SKIP_INSTALL = YES;
				SWIFT_EMIT_LOC_STRINGS = YES;
				SWIFT_VERSION = 5.0;
				TARGETED_DEVICE_FAMILY = "1,2";
			};
			name = Debug;
		};
		75504A692F9D327100D1EAF3 /* Release */ = {
			isa = XCBuildConfiguration;
			buildSettings = {
				CODE_SIGN_STYLE = Automatic;
				CURRENT_PROJECT_VERSION = 1;
				GENERATE_INFOPLIST_FILE = YES;
				INFOPLIST_FILE = "iOS (Extension)/Info.plist";
				INFOPLIST_KEY_CFBundleDisplayName = "ForumotionExt Extension";
				INFOPLIST_KEY_NSHumanReadableCopyright = "";
				IPHONEOS_DEPLOYMENT_TARGET = 15.0;
				LD_RUNPATH_SEARCH_PATHS = (
					"$(inherited)",
					"@executable_path/Frameworks",
					"@executable_path/../../Frameworks",
				);
				MARKETING_VERSION = 1.0;
				OTHER_LDFLAGS = (
					"-framework",
					SafariServices,
				);
				PRODUCT_BUNDLE_IDENTIFIER = com.forumotion.ForumotionExt.Extension;
				PRODUCT_NAME = "ForumotionExt Extension";
				SDKROOT = iphoneos;
				SKIP_INSTALL = YES;
				SWIFT_EMIT_LOC_STRINGS = YES;
				SWIFT_VERSION = 5.0;
				TARGETED_DEVICE_FAMILY = "1,2";
				VALIDATE_PRODUCT = YES;
			};
			name = Release;
		};
		75504A6C2F9D327100D1EAF3 /* Debug */ = {
			isa = XCBuildConfiguration;
			buildSettings = {
				ALWAYS_EMBED_SWIFT_STANDARD_LIBRARIES = YES;
				ASSETCATALOG_COMPILER_APPICON_NAME = AppIcon;
				ASSETCATALOG_COMPILER_GLOBAL_ACCENT_COLOR_NAME = AccentColor;
				CODE_SIGN_STYLE = Automatic;
				CURRENT_PROJECT_VERSION = 1;
				GENERATE_INFOPLIST_FILE = YES;
				INFOPLIST_FILE = "iOS (App)/Info.plist";
				INFOPLIST_KEY_CFBundleDisplayName = ForumotionExt;
				INFOPLIST_KEY_UIApplicationSupportsIndirectInputEvents = YES;
				INFOPLIST_KEY_UILaunchStoryboardName = LaunchScreen;
				INFOPLIST_KEY_UIMainStoryboardFile = Main;
				INFOPLIST_KEY_UISupportedInterfaceOrientations = "UIInterfaceOrientationPortrait UIInterfaceOrientationLandscapeLeft UIInterfaceOrientationLandscapeRight";
				INFOPLIST_KEY_UISupportedInterfaceOrientations_iPad = "UIInterfaceOrientationPortrait UIInterfaceOrientationPortraitUpsideDown UIInterfaceOrientationLandscapeLeft UIInterfaceOrientationLandscapeRight";
				IPHONEOS_DEPLOYMENT_TARGET = 15.0;
				LD_RUNPATH_SEARCH_PATHS = (
					"$(inherited)",
					"@executable_path/Frameworks",
				);
				MARKETING_VERSION = 1.0;
				OTHER_LDFLAGS = (
					"-framework",
					SafariServices,
					"-framework",
					WebKit,
				);
				PRODUCT_BUNDLE_IDENTIFIER = com.forumotion.ForumotionExt;
				PRODUCT_NAME = ForumotionExt;
				SDKROOT = iphoneos;
				SWIFT_EMIT_LOC_STRINGS = YES;
				SWIFT_VERSION = 5.0;
				TARGETED_DEVICE_FAMILY = "1,2";
			};
			name = Debug;
		};
		75504A6D2F9D327100D1EAF3 /* Release */ = {
			isa = XCBuildConfiguration;
			buildSettings = {
				ALWAYS_EMBED_SWIFT_STANDARD_LIBRARIES = YES;
				ASSETCATALOG_COMPILER_APPICON_NAME = AppIcon;
				ASSETCATALOG_COMPILER_GLOBAL_ACCENT_COLOR_NAME = AccentColor;
				CODE_SIGN_STYLE = Automatic;
				CURRENT_PROJECT_VERSION = 1;
				GENERATE_INFOPLIST_FILE = YES;
				INFOPLIST_FILE = "iOS (App)/Info.plist";
				INFOPLIST_KEY_CFBundleDisplayName = ForumotionExt;
				INFOPLIST_KEY_UIApplicationSupportsIndirectInputEvents = YES;
				INFOPLIST_KEY_UILaunchStoryboardName = LaunchScreen;
				INFOPLIST_KEY_UIMainStoryboardFile = Main;
				INFOPLIST_KEY_UISupportedInterfaceOrientations = "UIInterfaceOrientationPortrait UIInterfaceOrientationLandscapeLeft UIInterfaceOrientationLandscapeRight";
				INFOPLIST_KEY_UISupportedInterfaceOrientations_iPad = "UIInterfaceOrientationPortrait UIInterfaceOrientationPortraitUpsideDown UIInterfaceOrientationLandscapeLeft UIInterfaceOrientationLandscapeRight";
				IPHONEOS_DEPLOYMENT_TARGET = 15.0;
				LD_RUNPATH_SEARCH_PATHS = (
					"$(inherited)",
					"@executable_path/Frameworks",
				);
				MARKETING_VERSION = 1.0;
				OTHER_LDFLAGS = (
					"-framework",
					SafariServices,
					"-framework",
					WebKit,
				);
				PRODUCT_BUNDLE_IDENTIFIER = com.forumotion.ForumotionExt;
				PRODUCT_NAME = ForumotionExt;
				SDKROOT = iphoneos;
				SWIFT_EMIT_LOC_STRINGS = YES;
				SWIFT_VERSION = 5.0;
				TARGETED_DEVICE_FAMILY = "1,2";
				VALIDATE_PRODUCT = YES;
			};
			name = Release;
		};
		75504A6F2F9D327100D1EAF3 /* Debug */ = {
			isa = XCBuildConfiguration;
			buildSettings = {
				CODE_SIGN_ENTITLEMENTS = "macOS (Extension)/ForumotionExt.entitlements";
				CODE_SIGN_STYLE = Automatic;
				CURRENT_PROJECT_VERSION = 1;
				ENABLE_HARDENED_RUNTIME = YES;
				GENERATE_INFOPLIST_FILE = YES;
				INFOPLIST_FILE = "macOS (Extension)/Info.plist";
				INFOPLIST_KEY_CFBundleDisplayName = "ForumotionExt Extension";
				INFOPLIST_KEY_NSHumanReadableCopyright = "";
				LD_RUNPATH_SEARCH_PATHS = (
					"$(inherited)",
					"@executable_path/../Frameworks",
					"@executable_path/../../../../Frameworks",
				);
				MACOSX_DEPLOYMENT_TARGET = 10.14;
				MARKETING_VERSION = 1.0;
				OTHER_LDFLAGS = (
					"-framework",
					SafariServices,
				);
				PRODUCT_BUNDLE_IDENTIFIER = com.forumotion.ForumotionExt.Extension;
				PRODUCT_NAME = "ForumotionExt Extension";
				SDKROOT = macosx;
				SKIP_INSTALL = YES;
				SWIFT_EMIT_LOC_STRINGS = YES;
				SWIFT_VERSION = 5.0;
			};
			name = Debug;
		};
		75504A702F9D327100D1EAF3 /* Release */ = {
			isa = XCBuildConfiguration;
			buildSettings = {
				CODE_SIGN_ENTITLEMENTS = "macOS (Extension)/ForumotionExt.entitlements";
				CODE_SIGN_STYLE = Automatic;
				CURRENT_PROJECT_VERSION = 1;
				ENABLE_HARDENED_RUNTIME = YES;
				GENERATE_INFOPLIST_FILE = YES;
				INFOPLIST_FILE = "macOS (Extension)/Info.plist";
				INFOPLIST_KEY_CFBundleDisplayName = "ForumotionExt Extension";
				INFOPLIST_KEY_NSHumanReadableCopyright = "";
				LD_RUNPATH_SEARCH_PATHS = (
					"$(inherited)",
					"@executable_path/../Frameworks",
					"@executable_path/../../../../Frameworks",
				);
				MACOSX_DEPLOYMENT_TARGET = 10.14;
				MARKETING_VERSION = 1.0;
				OTHER_LDFLAGS = (
					"-framework",
					SafariServices,
				);
				PRODUCT_BUNDLE_IDENTIFIER = com.forumotion.ForumotionExt.Extension;
				PRODUCT_NAME = "ForumotionExt Extension";
				SDKROOT = macosx;
				SKIP_INSTALL = YES;
				SWIFT_EMIT_LOC_STRINGS = YES;
				SWIFT_VERSION = 5.0;
			};
			name = Release;
		};
		75504A732F9D327100D1EAF3 /* Debug */ = {
			isa = XCBuildConfiguration;
			buildSettings = {
				ALWAYS_EMBED_SWIFT_STANDARD_LIBRARIES = YES;
				ASSETCATALOG_COMPILER_APPICON_NAME = AppIcon;
				ASSETCATALOG_COMPILER_GLOBAL_ACCENT_COLOR_NAME = AccentColor;
				CODE_SIGN_ENTITLEMENTS = "macOS (App)/ForumotionExt.entitlements";
				CODE_SIGN_STYLE = Automatic;
				CURRENT_PROJECT_VERSION = 1;
				ENABLE_HARDENED_RUNTIME = YES;
				GENERATE_INFOPLIST_FILE = YES;
				INFOPLIST_FILE = "macOS (App)/Info.plist";
				INFOPLIST_KEY_CFBundleDisplayName = ForumotionExt;
				INFOPLIST_KEY_NSMainStoryboardFile = Main;
				INFOPLIST_KEY_NSPrincipalClass = NSApplication;
				LD_RUNPATH_SEARCH_PATHS = (
					"$(inherited)",
					"@executable_path/../Frameworks",
				);
				MACOSX_DEPLOYMENT_TARGET = 10.14;
				MARKETING_VERSION = 1.0;
				OTHER_LDFLAGS = (
					"-framework",
					SafariServices,
					"-framework",
					WebKit,
				);
				PRODUCT_BUNDLE_IDENTIFIER = com.forumotion.ForumotionExt;
				PRODUCT_NAME = ForumotionExt;
				SDKROOT = macosx;
				SWIFT_EMIT_LOC_STRINGS = YES;
				SWIFT_VERSION = 5.0;
			};
			name = Debug;
		};
		75504A742F9D327100D1EAF3 /* Release */ = {
			isa = XCBuildConfiguration;
			buildSettings = {
				ALWAYS_EMBED_SWIFT_STANDARD_LIBRARIES = YES;
				ASSETCATALOG_COMPILER_APPICON_NAME = AppIcon;
				ASSETCATALOG_COMPILER_GLOBAL_ACCENT_COLOR_NAME = AccentColor;
				CODE_SIGN_ENTITLEMENTS = "macOS (App)/ForumotionExt.entitlements";
				CODE_SIGN_STYLE = Automatic;
				CURRENT_PROJECT_VERSION = 1;
				ENABLE_HARDENED_RUNTIME = YES;
				GENERATE_INFOPLIST_FILE = YES;
				INFOPLIST_FILE = "macOS (App)/Info.plist";
				INFOPLIST_KEY_CFBundleDisplayName = ForumotionExt;
				INFOPLIST_KEY_NSMainStoryboardFile = Main;
				INFOPLIST_KEY_NSPrincipalClass = NSApplication;
				LD_RUNPATH_SEARCH_PATHS = (
					"$(inherited)",
					"@executable_path/../Frameworks",
				);
				MACOSX_DEPLOYMENT_TARGET = 10.14;
				MARKETING_VERSION = 1.0;
				OTHER_LDFLAGS = (
					"-framework",
					SafariServices,
					"-framework",
					WebKit,
				);
				PRODUCT_BUNDLE_IDENTIFIER = com.forumotion.ForumotionExt;
				PRODUCT_NAME = ForumotionExt;
				SDKROOT = macosx;
				SWIFT_EMIT_LOC_STRINGS = YES;
				SWIFT_VERSION = 5.0;
			};
			name = Release;
		};
/* End XCBuildConfiguration section */

/* Begin XCConfigurationList section */
		75504A172F9D326F00D1EAF3 /* Build configuration list for PBXProject "ForumotionExt" */ = {
			isa = XCConfigurationList;
			buildConfigurations = (
				75504A652F9D327100D1EAF3 /* Debug */,
				75504A662F9D327100D1EAF3 /* Release */,
			);
			defaultConfigurationIsVisible = 0;
			defaultConfigurationName = Release;
		};
		75504A672F9D327100D1EAF3 /* Build configuration list for PBXNativeTarget "ForumotionExt Extension (iOS)" */ = {
			isa = XCConfigurationList;
			buildConfigurations = (
				75504A682F9D327100D1EAF3 /* Debug */,
				75504A692F9D327100D1EAF3 /* Release */,
			);
			defaultConfigurationIsVisible = 0;
			defaultConfigurationName = Release;
		};
		75504A6B2F9D327100D1EAF3 /* Build configuration list for PBXNativeTarget "ForumotionExt (iOS)" */ = {
			isa = XCConfigurationList;
			buildConfigurations = (
				75504A6C2F9D327100D1EAF3 /* Debug */,
				75504A6D2F9D327100D1EAF3 /* Release */,
			);
			defaultConfigurationIsVisible = 0;
			defaultConfigurationName = Release;
		};
		75504A6E2F9D327100D1EAF3 /* Build configuration list for PBXNativeTarget "ForumotionExt Extension (macOS)" */ = {
			isa = XCConfigurationList;
			buildConfigurations = (
				75504A6F2F9D327100D1EAF3 /* Debug */,
				75504A702F9D327100D1EAF3 /* Release */,
			);
			defaultConfigurationIsVisible = 0;
			defaultConfigurationName = Release;
		};
		75504A722F9D327100D1EAF3 /* Build configuration list for PBXNativeTarget "ForumotionExt (macOS)" */ = {
			isa = XCConfigurationList;
			buildConfigurations = (
				75504A732F9D327100D1EAF3 /* Debug */,
				75504A742F9D327100D1EAF3 /* Release */,
			);
			defaultConfigurationIsVisible = 0;
			defaultConfigurationName = Release;
		};
/* End XCConfigurationList section */
	};
	rootObject = 75504A142F9D326F00D1EAF3 /* Project object */;
}
